// !$*UTF8*$!
{
	archiveVersion = 1;
	classes = {
	};
	objectVersion = 56;
	objects = {

/* Begin PBXBuildFile section */
		E40E57462BB2F4A0008D1156 /* PicsumImageMock.json in Resources */ = {isa = PBXBuildFile; fileRef = E40E57452BB2F4A0008D1156 /* PicsumImageMock.json */; };
		E4208D9C2BB0224500765069 /* XCTestCase+MockData.swift in Sources */ = {isa = PBXBuildFile; fileRef = E4208D9B2BB0224500765069 /* XCTestCase+MockData.swift */; };
		E4208D9E2BB022FC00765069 /* PicsumAPITests.swift in Sources */ = {isa = PBXBuildFile; fileRef = E4208D9D2BB022FC00765069 /* PicsumAPITests.swift */; };
		E45251842BB1BC1B00BA2965 /* PhotoListView.swift in Sources */ = {isa = PBXBuildFile; fileRef = E45251832BB1BC1B00BA2965 /* PhotoListView.swift */; };
		E45251872BB1C79700BA2965 /* GridCollectionView.swift in Sources */ = {isa = PBXBuildFile; fileRef = E45251862BB1C79700BA2965 /* GridCollectionView.swift */; };
		E4622CC52BB31DF700D25815 /* MockNetworkService.swift in Sources */ = {isa = PBXBuildFile; fileRef = E4622CC42BB31DF700D25815 /* MockNetworkService.swift */; };
		E4691D042BB04ACF009272B0 /* PicsumPhotoListViewModelTests.swift in Sources */ = {isa = PBXBuildFile; fileRef = E4691D032BB04ACF009272B0 /* PicsumPhotoListViewModelTests.swift */; };
		E4691D072BB0DD34009272B0 /* AsyncImageView.swift in Sources */ = {isa = PBXBuildFile; fileRef = E4691D062BB0DD34009272B0 /* AsyncImageView.swift */; };
		E4691D092BB0DD41009272B0 /* AsyncImageViewModel.swift in Sources */ = {isa = PBXBuildFile; fileRef = E4691D082BB0DD41009272B0 /* AsyncImageViewModel.swift */; };
		E496319C2BB2FCB000917C0F /* PicsumPhotoViewModel.swift in Sources */ = {isa = PBXBuildFile; fileRef = E496319B2BB2FCB000917C0F /* PicsumPhotoViewModel.swift */; };
		E496319E2BB3084D00917C0F /* PicsumPhotoViewModelTests.swift in Sources */ = {isa = PBXBuildFile; fileRef = E496319D2BB3084D00917C0F /* PicsumPhotoViewModelTests.swift */; };
		E49DB1D82BB28F7A004B8043 /* FetchMoreImageListMock.json in Resources */ = {isa = PBXBuildFile; fileRef = E49DB1D72BB28F7A004B8043 /* FetchMoreImageListMock.json */; };
		E49DB1DB2BB2BDBF004B8043 /* PicsumPhotoView.swift in Sources */ = {isa = PBXBuildFile; fileRef = E49DB1DA2BB2BDBF004B8043 /* PicsumPhotoView.swift */; };
		E4BD747F2BAFF6ED007F8B73 /* SKTChallengeApp.swift in Sources */ = {isa = PBXBuildFile; fileRef = E4BD747E2BAFF6ED007F8B73 /* SKTChallengeApp.swift */; };
		E4BD74832BAFF6ED007F8B73 /* Assets.xcassets in Resources */ = {isa = PBXBuildFile; fileRef = E4BD74822BAFF6ED007F8B73 /* Assets.xcassets */; };
		E4BD74862BAFF6EE007F8B73 /* Preview Assets.xcassets in Resources */ = {isa = PBXBuildFile; fileRef = E4BD74852BAFF6EE007F8B73 /* Preview Assets.xcassets */; };
		E4BD74AA2BAFFF6D007F8B73 /* PicsumNetworkProtocol.swift in Sources */ = {isa = PBXBuildFile; fileRef = E4BD74A92BAFFF6D007F8B73 /* PicsumNetworkProtocol.swift */; };
		E4BD74AD2BB00001007F8B73 /* PicsumImage.swift in Sources */ = {isa = PBXBuildFile; fileRef = E4BD74AC2BB00001007F8B73 /* PicsumImage.swift */; };
		E4BD74AF2BB00089007F8B73 /* PicksumAPI.swift in Sources */ = {isa = PBXBuildFile; fileRef = E4BD74AE2BB00089007F8B73 /* PicksumAPI.swift */; };
		E4BD74B32BB0051F007F8B73 /* PicsumPhotoListView.swift in Sources */ = {isa = PBXBuildFile; fileRef = E4BD74B22BB0051F007F8B73 /* PicsumPhotoListView.swift */; };
		E4BD74B52BB00538007F8B73 /* PicsumPhotoListViewModel.swift in Sources */ = {isa = PBXBuildFile; fileRef = E4BD74B42BB00538007F8B73 /* PicsumPhotoListViewModel.swift */; };
		E4C605AC2BB20833003FFA2D /* ImageLoader.swift in Sources */ = {isa = PBXBuildFile; fileRef = E4C605AB2BB20833003FFA2D /* ImageLoader.swift */; };
		E4C605AE2BB2112E003FFA2D /* AsyncImageViewModelTests.swift in Sources */ = {isa = PBXBuildFile; fileRef = E4C605AD2BB2112E003FFA2D /* AsyncImageViewModelTests.swift */; };
		E4C605B02BB219C2003FFA2D /* ImageLoaderTests.swift in Sources */ = {isa = PBXBuildFile; fileRef = E4C605AF2BB219C2003FFA2D /* ImageLoaderTests.swift */; };
		E4C605B22BB2278B003FFA2D /* AuthorItemView.swift in Sources */ = {isa = PBXBuildFile; fileRef = E4C605B12BB2278B003FFA2D /* AuthorItemView.swift */; };
		E4E1C6462BB0476D0007D889 /* NetworkErrorView.swift in Sources */ = {isa = PBXBuildFile; fileRef = E4E1C6452BB0476D0007D889 /* NetworkErrorView.swift */; };
		E4E5E8462BB010CB007B04C2 /* ImageListMock.json in Resources */ = {isa = PBXBuildFile; fileRef = E4E5E8452BB010CB007B04C2 /* ImageListMock.json */; };
		E4E5E8492BB01402007B04C2 /* PicsumModelTests.swift in Sources */ = {isa = PBXBuildFile; fileRef = E4E5E8482BB01402007B04C2 /* PicsumModelTests.swift */; };
/* End PBXBuildFile section */

/* Begin PBXContainerItemProxy section */
		E4BD748C2BAFF6EE007F8B73 /* PBXContainerItemProxy */ = {
			isa = PBXContainerItemProxy;
			containerPortal = E4BD74732BAFF6EC007F8B73 /* Project object */;
			proxyType = 1;
			remoteGlobalIDString = E4BD747A2BAFF6ED007F8B73;
			remoteInfo = SKTChallenge;
		};
/* End PBXContainerItemProxy section */

/* Begin PBXFileReference section */
		E40E57452BB2F4A0008D1156 /* PicsumImageMock.json */ = {isa = PBXFileReference; fileEncoding = 4; lastKnownFileType = text.json; path = PicsumImageMock.json; sourceTree = "<group>"; };
		E4208D9B2BB0224500765069 /* XCTestCase+MockData.swift */ = {isa = PBXFileReference; lastKnownFileType = sourcecode.swift; path = "XCTestCase+MockData.swift"; sourceTree = "<group>"; };
		E4208D9D2BB022FC00765069 /* PicsumAPITests.swift */ = {isa = PBXFileReference; lastKnownFileType = sourcecode.swift; path = PicsumAPITests.swift; sourceTree = "<group>"; };
		E45251832BB1BC1B00BA2965 /* PhotoListView.swift */ = {isa = PBXFileReference; lastKnownFileType = sourcecode.swift; path = PhotoListView.swift; sourceTree = "<group>"; };
		E45251862BB1C79700BA2965 /* GridCollectionView.swift */ = {isa = PBXFileReference; lastKnownFileType = sourcecode.swift; path = GridCollectionView.swift; sourceTree = "<group>"; };
		E4622CC42BB31DF700D25815 /* MockNetworkService.swift */ = {isa = PBXFileReference; lastKnownFileType = sourcecode.swift; path = MockNetworkService.swift; sourceTree = "<group>"; };
		E4691D032BB04ACF009272B0 /* PicsumPhotoListViewModelTests.swift */ = {isa = PBXFileReference; lastKnownFileType = sourcecode.swift; path = PicsumPhotoListViewModelTests.swift; sourceTree = "<group>"; };
		E4691D062BB0DD34009272B0 /* AsyncImageView.swift */ = {isa = PBXFileReference; lastKnownFileType = sourcecode.swift; path = AsyncImageView.swift; sourceTree = "<group>"; };
		E4691D082BB0DD41009272B0 /* AsyncImageViewModel.swift */ = {isa = PBXFileReference; lastKnownFileType = sourcecode.swift; path = AsyncImageViewModel.swift; sourceTree = "<group>"; };
		E496319B2BB2FCB000917C0F /* PicsumPhotoViewModel.swift */ = {isa = PBXFileReference; lastKnownFileType = sourcecode.swift; path = PicsumPhotoViewModel.swift; sourceTree = "<group>"; };
		E496319D2BB3084D00917C0F /* PicsumPhotoViewModelTests.swift */ = {isa = PBXFileReference; lastKnownFileType = sourcecode.swift; path = PicsumPhotoViewModelTests.swift; sourceTree = "<group>"; };
		E49DB1D72BB28F7A004B8043 /* FetchMoreImageListMock.json */ = {isa = PBXFileReference; fileEncoding = 4; lastKnownFileType = text.json; path = FetchMoreImageListMock.json; sourceTree = "<group>"; };
		E49DB1DA2BB2BDBF004B8043 /* PicsumPhotoView.swift */ = {isa = PBXFileReference; lastKnownFileType = sourcecode.swift; path = PicsumPhotoView.swift; sourceTree = "<group>"; };
		E4BD747B2BAFF6ED007F8B73 /* SKTChallenge.app */ = {isa = PBXFileReference; explicitFileType = wrapper.application; includeInIndex = 0; path = SKTChallenge.app; sourceTree = BUILT_PRODUCTS_DIR; };
		E4BD747E2BAFF6ED007F8B73 /* SKTChallengeApp.swift */ = {isa = PBXFileReference; lastKnownFileType = sourcecode.swift; path = SKTChallengeApp.swift; sourceTree = "<group>"; };
		E4BD74822BAFF6ED007F8B73 /* Assets.xcassets */ = {isa = PBXFileReference; lastKnownFileType = folder.assetcatalog; path = Assets.xcassets; sourceTree = "<group>"; };
		E4BD74852BAFF6EE007F8B73 /* Preview Assets.xcassets */ = {isa = PBXFileReference; lastKnownFileType = folder.assetcatalog; path = "Preview Assets.xcassets"; sourceTree = "<group>"; };
		E4BD748B2BAFF6EE007F8B73 /* SKTChallengeTests.xctest */ = {isa = PBXFileReference; explicitFileType = wrapper.cfbundle; includeInIndex = 0; path = SKTChallengeTests.xctest; sourceTree = BUILT_PRODUCTS_DIR; };
		E4BD74A92BAFFF6D007F8B73 /* PicsumNetworkProtocol.swift */ = {isa = PBXFileReference; lastKnownFileType = sourcecode.swift; path = PicsumNetworkProtocol.swift; sourceTree = "<group>"; };
		E4BD74AC2BB00001007F8B73 /* PicsumImage.swift */ = {isa = PBXFileReference; lastKnownFileType = sourcecode.swift; path = PicsumImage.swift; sourceTree = "<group>"; };
		E4BD74AE2BB00089007F8B73 /* PicksumAPI.swift */ = {isa = PBXFileReference; lastKnownFileType = sourcecode.swift; path = PicksumAPI.swift; sourceTree = "<group>"; };
		E4BD74B22BB0051F007F8B73 /* PicsumPhotoListView.swift */ = {isa = PBXFileReference; lastKnownFileType = sourcecode.swift; path = PicsumPhotoListView.swift; sourceTree = "<group>"; };
		E4BD74B42BB00538007F8B73 /* PicsumPhotoListViewModel.swift */ = {isa = PBXFileReference; lastKnownFileType = sourcecode.swift; path = PicsumPhotoListViewModel.swift; sourceTree = "<group>"; };
		E4C605AB2BB20833003FFA2D /* ImageLoader.swift */ = {isa = PBXFileReference; lastKnownFileType = sourcecode.swift; path = ImageLoader.swift; sourceTree = "<group>"; };
		E4C605AD2BB2112E003FFA2D /* AsyncImageViewModelTests.swift */ = {isa = PBXFileReference; lastKnownFileType = sourcecode.swift; path = AsyncImageViewModelTests.swift; sourceTree = "<group>"; };
		E4C605AF2BB219C2003FFA2D /* ImageLoaderTests.swift */ = {isa = PBXFileReference; lastKnownFileType = sourcecode.swift; path = ImageLoaderTests.swift; sourceTree = "<group>"; };
		E4C605B12BB2278B003FFA2D /* AuthorItemView.swift */ = {isa = PBXFileReference; lastKnownFileType = sourcecode.swift; path = AuthorItemView.swift; sourceTree = "<group>"; };
		E4E1C6452BB0476D0007D889 /* NetworkErrorView.swift */ = {isa = PBXFileReference; fileEncoding = 4; lastKnownFileType = sourcecode.swift; path = NetworkErrorView.swift; sourceTree = "<group>"; };
		E4E5E8452BB010CB007B04C2 /* ImageListMock.json */ = {isa = PBXFileReference; fileEncoding = 4; lastKnownFileType = text.json; path = ImageListMock.json; sourceTree = "<group>"; };
		E4E5E8482BB01402007B04C2 /* PicsumModelTests.swift */ = {isa = PBXFileReference; lastKnownFileType = sourcecode.swift; path = PicsumModelTests.swift; sourceTree = "<group>"; };
/* End PBXFileReference section */

/* Begin PBXFrameworksBuildPhase section */
		E4BD74782BAFF6ED007F8B73 /* Frameworks */ = {
			isa = PBXFrameworksBuildPhase;
			buildActionMask = 2147483647;
			files = (
			);
			runOnlyForDeploymentPostprocessing = 0;
		};
		E4BD74882BAFF6EE007F8B73 /* Frameworks */ = {
			isa = PBXFrameworksBuildPhase;
			buildActionMask = 2147483647;
			files = (
			);
			runOnlyForDeploymentPostprocessing = 0;
		};
/* End PBXFrameworksBuildPhase section */

/* Begin PBXGroup section */
		E45251822BB1BC0600BA2965 /* PhotoListView */ = {
			isa = PBXGroup;
			children = (
				E45251852BB1C76100BA2965 /* GridCollectionView */,
				E45251832BB1BC1B00BA2965 /* PhotoListView.swift */,
			);
			path = PhotoListView;
			sourceTree = "<group>";
		};
		E45251852BB1C76100BA2965 /* GridCollectionView */ = {
			isa = PBXGroup;
			children = (
				E45251862BB1C79700BA2965 /* GridCollectionView.swift */,
			);
			path = GridCollectionView;
			sourceTree = "<group>";
		};
		E4691D022BB04AB7009272B0 /* ViewModelTests */ = {
			isa = PBXGroup;
			children = (
				E4691D032BB04ACF009272B0 /* PicsumPhotoListViewModelTests.swift */,
				E4C605AD2BB2112E003FFA2D /* AsyncImageViewModelTests.swift */,
				E496319D2BB3084D00917C0F /* PicsumPhotoViewModelTests.swift */,
			);
			path = ViewModelTests;
			sourceTree = "<group>";
		};
		E4691D052BB0DD14009272B0 /* AsyncImageView */ = {
			isa = PBXGroup;
			children = (
				E4691D062BB0DD34009272B0 /* AsyncImageView.swift */,
				E4691D082BB0DD41009272B0 /* AsyncImageViewModel.swift */,
			);
			path = AsyncImageView;
			sourceTree = "<group>";
		};
		E4691D0A2BB0DD4D009272B0 /* Common */ = {
			isa = PBXGroup;
			children = (
				E4691D052BB0DD14009272B0 /* AsyncImageView */,
				E4E1C6452BB0476D0007D889 /* NetworkErrorView.swift */,
				E4C605B12BB2278B003FFA2D /* AuthorItemView.swift */,
			);
			path = Common;
			sourceTree = "<group>";
		};
		E49DB1D92BB2BD90004B8043 /* PicsumPhotoView */ = {
			isa = PBXGroup;
			children = (
				E49DB1DA2BB2BDBF004B8043 /* PicsumPhotoView.swift */,
				E496319B2BB2FCB000917C0F /* PicsumPhotoViewModel.swift */,
			);
			path = PicsumPhotoView;
			sourceTree = "<group>";
		};
		E4BD74722BAFF6EC007F8B73 = {
			isa = PBXGroup;
			children = (
				E4BD747D2BAFF6ED007F8B73 /* SKTChallenge */,
				E4BD748E2BAFF6EE007F8B73 /* SKTChallengeTests */,
				E4BD747C2BAFF6ED007F8B73 /* Products */,
			);
			sourceTree = "<group>";
		};
		E4BD747C2BAFF6ED007F8B73 /* Products */ = {
			isa = PBXGroup;
			children = (
				E4BD747B2BAFF6ED007F8B73 /* SKTChallenge.app */,
				E4BD748B2BAFF6EE007F8B73 /* SKTChallengeTests.xctest */,
			);
			name = Products;
			sourceTree = "<group>";
		};
		E4BD747D2BAFF6ED007F8B73 /* SKTChallenge */ = {
			isa = PBXGroup;
			children = (
				E4C605AA2BB207F7003FFA2D /* Utils */,
				E4C605A92BB20799003FFA2D /* Resources */,
				E4BD74B02BB004E2007F8B73 /* Views */,
				E4BD74AB2BAFFFA0007F8B73 /* Models */,
				E4BD74A82BAFFEE3007F8B73 /* Netowork */,
				E4BD747E2BAFF6ED007F8B73 /* SKTChallengeApp.swift */,
			);
			path = SKTChallenge;
			sourceTree = "<group>";
		};
		E4BD74842BAFF6EE007F8B73 /* Preview Content */ = {
			isa = PBXGroup;
			children = (
				E4BD74852BAFF6EE007F8B73 /* Preview Assets.xcassets */,
			);
			path = "Preview Content";
			sourceTree = "<group>";
		};
		E4BD748E2BAFF6EE007F8B73 /* SKTChallengeTests */ = {
			isa = PBXGroup;
			children = (
				E4691D022BB04AB7009272B0 /* ViewModelTests */,
				E4BD74B82BB00E81007F8B73 /* PicsumNetworkServiceTests */,
				E4208D9B2BB0224500765069 /* XCTestCase+MockData.swift */,
				E4C605AF2BB219C2003FFA2D /* ImageLoaderTests.swift */,
			);
			path = SKTChallengeTests;
			sourceTree = "<group>";
		};
		E4BD74A82BAFFEE3007F8B73 /* Netowork */ = {
			isa = PBXGroup;
			children = (
				E4BD74A92BAFFF6D007F8B73 /* PicsumNetworkProtocol.swift */,
				E4BD74AE2BB00089007F8B73 /* PicksumAPI.swift */,
			);
			path = Netowork;
			sourceTree = "<group>";
		};
		E4BD74AB2BAFFFA0007F8B73 /* Models */ = {
			isa = PBXGroup;
			children = (
				E4BD74AC2BB00001007F8B73 /* PicsumImage.swift */,
			);
			path = Models;
			sourceTree = "<group>";
		};
		E4BD74B02BB004E2007F8B73 /* Views */ = {
			isa = PBXGroup;
			children = (
				E4691D0A2BB0DD4D009272B0 /* Common */,
				E4BD74B12BB004FC007F8B73 /* PicsumPhotoListView */,
				E49DB1D92BB2BD90004B8043 /* PicsumPhotoView */,
			);
			path = Views;
			sourceTree = "<group>";
		};
		E4BD74B12BB004FC007F8B73 /* PicsumPhotoListView */ = {
			isa = PBXGroup;
			children = (
				E4BD74B22BB0051F007F8B73 /* PicsumPhotoListView.swift */,
				E4BD74B42BB00538007F8B73 /* PicsumPhotoListViewModel.swift */,
				E45251822BB1BC0600BA2965 /* PhotoListView */,
			);
			path = PicsumPhotoListView;
			sourceTree = "<group>";
		};
		E4BD74B82BB00E81007F8B73 /* PicsumNetworkServiceTests */ = {
			isa = PBXGroup;
			children = (
				E40E57452BB2F4A0008D1156 /* PicsumImageMock.json */,
				E49DB1D72BB28F7A004B8043 /* FetchMoreImageListMock.json */,
				E4E5E8452BB010CB007B04C2 /* ImageListMock.json */,
				E4E5E8482BB01402007B04C2 /* PicsumModelTests.swift */,
				E4208D9D2BB022FC00765069 /* PicsumAPITests.swift */,
				E4622CC42BB31DF700D25815 /* MockNetworkService.swift */,
			);
			path = PicsumNetworkServiceTests;
			sourceTree = "<group>";
		};
		E4C605A92BB20799003FFA2D /* Resources */ = {
			isa = PBXGroup;
			children = (
				E4BD74822BAFF6ED007F8B73 /* Assets.xcassets */,
				E4BD74842BAFF6EE007F8B73 /* Preview Content */,
			);
			path = Resources;
			sourceTree = "<group>";
		};
		E4C605AA2BB207F7003FFA2D /* Utils */ = {
			isa = PBXGroup;
			children = (
				E4C605AB2BB20833003FFA2D /* ImageLoader.swift */,
			);
			path = Utils;
			sourceTree = "<group>";
		};
/* End PBXGroup section */

/* Begin PBXNativeTarget section */
		E4BD747A2BAFF6ED007F8B73 /* SKTChallenge */ = {
			isa = PBXNativeTarget;
			buildConfigurationList = E4BD749F2BAFF6EE007F8B73 /* Build configuration list for PBXNativeTarget "SKTChallenge" */;
			buildPhases = (
				E4BD74772BAFF6ED007F8B73 /* Sources */,
				E4BD74782BAFF6ED007F8B73 /* Frameworks */,
				E4BD74792BAFF6ED007F8B73 /* Resources */,
			);
			buildRules = (
			);
			dependencies = (
			);
			name = SKTChallenge;
			productName = SKTChallenge;
			productReference = E4BD747B2BAFF6ED007F8B73 /* SKTChallenge.app */;
			productType = "com.apple.product-type.application";
		};
		E4BD748A2BAFF6EE007F8B73 /* SKTChallengeTests */ = {
			isa = PBXNativeTarget;
			buildConfigurationList = E4BD74A22BAFF6EE007F8B73 /* Build configuration list for PBXNativeTarget "SKTChallengeTests" */;
			buildPhases = (
				E4BD74872BAFF6EE007F8B73 /* Sources */,
				E4BD74882BAFF6EE007F8B73 /* Frameworks */,
				E4BD74892BAFF6EE007F8B73 /* Resources */,
			);
			buildRules = (
			);
			dependencies = (
				E4BD748D2BAFF6EE007F8B73 /* PBXTargetDependency */,
			);
			name = SKTChallengeTests;
			productName = SKTChallengeTests;
			productReference = E4BD748B2BAFF6EE007F8B73 /* SKTChallengeTests.xctest */;
			productType = "com.apple.product-type.bundle.unit-test";
		};
/* End PBXNativeTarget section */

/* Begin PBXProject section */
		E4BD74732BAFF6EC007F8B73 /* Project object */ = {
			isa = PBXProject;
			attributes = {
				BuildIndependentTargetsInParallel = 1;
				LastSwiftUpdateCheck = 1520;
				LastUpgradeCheck = 1520;
				TargetAttributes = {
					E4BD747A2BAFF6ED007F8B73 = {
						CreatedOnToolsVersion = 15.2;
					};
					E4BD748A2BAFF6EE007F8B73 = {
						CreatedOnToolsVersion = 15.2;
						LastSwiftMigration = 1520;
						TestTargetID = E4BD747A2BAFF6ED007F8B73;
					};
				};
			};
			buildConfigurationList = E4BD74762BAFF6EC007F8B73 /* Build configuration list for PBXProject "SKTChallenge" */;
			compatibilityVersion = "Xcode 14.0";
			developmentRegion = en;
			hasScannedForEncodings = 0;
			knownRegions = (
				en,
				Base,
			);
			mainGroup = E4BD74722BAFF6EC007F8B73;
			productRefGroup = E4BD747C2BAFF6ED007F8B73 /* Products */;
			projectDirPath = "";
			projectRoot = "";
			targets = (
				E4BD747A2BAFF6ED007F8B73 /* SKTChallenge */,
				E4BD748A2BAFF6EE007F8B73 /* SKTChallengeTests */,
			);
		};
/* End PBXProject section */

/* Begin PBXResourcesBuildPhase section */
		E4BD74792BAFF6ED007F8B73 /* Resources */ = {
			isa = PBXResourcesBuildPhase;
			buildActionMask = 2147483647;
			files = (
				E4BD74862BAFF6EE007F8B73 /* Preview Assets.xcassets in Resources */,
				E4BD74832BAFF6ED007F8B73 /* Assets.xcassets in Resources */,
			);
			runOnlyForDeploymentPostprocessing = 0;
		};
		E4BD74892BAFF6EE007F8B73 /* Resources */ = {
			isa = PBXResourcesBuildPhase;
			buildActionMask = 2147483647;
			files = (
				E40E57462BB2F4A0008D1156 /* PicsumImageMock.json in Resources */,
				E4E5E8462BB010CB007B04C2 /* ImageListMock.json in Resources */,
				E49DB1D82BB28F7A004B8043 /* FetchMoreImageListMock.json in Resources */,
			);
			runOnlyForDeploymentPostprocessing = 0;
		};
/* End PBXResourcesBuildPhase section */

/* Begin PBXSourcesBuildPhase section */
		E4BD74772BAFF6ED007F8B73 /* Sources */ = {
			isa = PBXSourcesBuildPhase;
			buildActionMask = 2147483647;
			files = (
				E4BD74AF2BB00089007F8B73 /* PicksumAPI.swift in Sources */,
				E4BD74AD2BB00001007F8B73 /* PicsumImage.swift in Sources */,
				E4C605B22BB2278B003FFA2D /* AuthorItemView.swift in Sources */,
				E4C605AC2BB20833003FFA2D /* ImageLoader.swift in Sources */,
				E4BD74AA2BAFFF6D007F8B73 /* PicsumNetworkProtocol.swift in Sources */,
				E4691D072BB0DD34009272B0 /* AsyncImageView.swift in Sources */,
				E49DB1DB2BB2BDBF004B8043 /* PicsumPhotoView.swift in Sources */,
				E4BD747F2BAFF6ED007F8B73 /* SKTChallengeApp.swift in Sources */,
				E45251842BB1BC1B00BA2965 /* PhotoListView.swift in Sources */,
				E4BD74B32BB0051F007F8B73 /* PicsumPhotoListView.swift in Sources */,
				E4691D092BB0DD41009272B0 /* AsyncImageViewModel.swift in Sources */,
				E45251872BB1C79700BA2965 /* GridCollectionView.swift in Sources */,
				E4BD74B52BB00538007F8B73 /* PicsumPhotoListViewModel.swift in Sources */,
				E496319C2BB2FCB000917C0F /* PicsumPhotoViewModel.swift in Sources */,
				E4E1C6462BB0476D0007D889 /* NetworkErrorView.swift in Sources */,
			);
			runOnlyForDeploymentPostprocessing = 0;
		};
		E4BD74872BAFF6EE007F8B73 /* Sources */ = {
			isa = PBXSourcesBuildPhase;
			buildActionMask = 2147483647;
			files = (
				E4622CC52BB31DF700D25815 /* MockNetworkService.swift in Sources */,
				E4208D9E2BB022FC00765069 /* PicsumAPITests.swift in Sources */,
				E4691D042BB04ACF009272B0 /* PicsumPhotoListViewModelTests.swift in Sources */,
				E4C605B02BB219C2003FFA2D /* ImageLoaderTests.swift in Sources */,
				E4C605AE2BB2112E003FFA2D /* AsyncImageViewModelTests.swift in Sources */,
				E4208D9C2BB0224500765069 /* XCTestCase+MockData.swift in Sources */,
				E496319E2BB3084D00917C0F /* PicsumPhotoViewModelTests.swift in Sources */,
				E4E5E8492BB01402007B04C2 /* PicsumModelTests.swift in Sources */,
			);
			runOnlyForDeploymentPostprocessing = 0;
		};
/* End PBXSourcesBuildPhase section */

/* Begin PBXTargetDependency section */
		E4BD748D2BAFF6EE007F8B73 /* PBXTargetDependency */ = {
			isa = PBXTargetDependency;
			target = E4BD747A2BAFF6ED007F8B73 /* SKTChallenge */;
			targetProxy = E4BD748C2BAFF6EE007F8B73 /* PBXContainerItemProxy */;
		};
/* End PBXTargetDependency section */

/* Begin XCBuildConfiguration section */
		E4BD749D2BAFF6EE007F8B73 /* Debug */ = {
			isa = XCBuildConfiguration;
			buildSettings = {
				ALWAYS_SEARCH_USER_PATHS = NO;
				ASSETCATALOG_COMPILER_GENERATE_SWIFT_ASSET_SYMBOL_EXTENSIONS = YES;
				CLANG_ANALYZER_NONNULL = YES;
				CLANG_ANALYZER_NUMBER_OBJECT_CONVERSION = YES_AGGRESSIVE;
				CLANG_CXX_LANGUAGE_STANDARD = "gnu++20";
				CLANG_ENABLE_MODULES = YES;
				CLANG_ENABLE_OBJC_ARC = YES;
				CLANG_ENABLE_OBJC_WEAK = YES;
				CLANG_WARN_BLOCK_CAPTURE_AUTORELEASING = YES;
				CLANG_WARN_BOOL_CONVERSION = YES;
				CLANG_WARN_COMMA = YES;
				CLANG_WARN_CONSTANT_CONVERSION = YES;
				CLANG_WARN_DEPRECATED_OBJC_IMPLEMENTATIONS = YES;
				CLANG_WARN_DIRECT_OBJC_ISA_USAGE = YES_ERROR;
				CLANG_WARN_DOCUMENTATION_COMMENTS = YES;
				CLANG_WARN_EMPTY_BODY = YES;
				CLANG_WARN_ENUM_CONVERSION = YES;
				CLANG_WARN_INFINITE_RECURSION = YES;
				CLANG_WARN_INT_CONVERSION = YES;
				CLANG_WARN_NON_LITERAL_NULL_CONVERSION = YES;
				CLANG_WARN_OBJC_IMPLICIT_RETAIN_SELF = YES;
				CLANG_WARN_OBJC_LITERAL_CONVERSION = YES;
				CLANG_WARN_OBJC_ROOT_CLASS = YES_ERROR;
				CLANG_WARN_QUOTED_INCLUDE_IN_FRAMEWORK_HEADER = YES;
				CLANG_WARN_RANGE_LOOP_ANALYSIS = YES;
				CLANG_WARN_STRICT_PROTOTYPES = YES;
				CLANG_WARN_SUSPICIOUS_MOVE = YES;
				CLANG_WARN_UNGUARDED_AVAILABILITY = YES_AGGRESSIVE;
				CLANG_WARN_UNREACHABLE_CODE = YES;
				CLANG_WARN__DUPLICATE_METHOD_MATCH = YES;
				COPY_PHASE_STRIP = NO;
				DEBUG_INFORMATION_FORMAT = dwarf;
				ENABLE_STRICT_OBJC_MSGSEND = YES;
				ENABLE_TESTABILITY = YES;
				ENABLE_USER_SCRIPT_SANDBOXING = YES;
				GCC_C_LANGUAGE_STANDARD = gnu17;
				GCC_DYNAMIC_NO_PIC = NO;
				GCC_NO_COMMON_BLOCKS = YES;
				GCC_OPTIMIZATION_LEVEL = 0;
				GCC_PREPROCESSOR_DEFINITIONS = (
					"DEBUG=1",
					"$(inherited)",
				);
				GCC_WARN_64_TO_32_BIT_CONVERSION = YES;
				GCC_WARN_ABOUT_RETURN_TYPE = YES_ERROR;
				GCC_WARN_UNDECLARED_SELECTOR = YES;
				GCC_WARN_UNINITIALIZED_AUTOS = YES_AGGRESSIVE;
				GCC_WARN_UNUSED_FUNCTION = YES;
				GCC_WARN_UNUSED_VARIABLE = YES;
				IPHONEOS_DEPLOYMENT_TARGET = 14.0;
				LOCALIZATION_PREFERS_STRING_CATALOGS = YES;
				MTL_ENABLE_DEBUG_INFO = INCLUDE_SOURCE;
				MTL_FAST_MATH = YES;
				ONLY_ACTIVE_ARCH = YES;
				SDKROOT = iphoneos;
				SWIFT_ACTIVE_COMPILATION_CONDITIONS = "DEBUG $(inherited)";
				SWIFT_OPTIMIZATION_LEVEL = "-Onone";
			};
			name = Debug;
		};
		E4BD749E2BAFF6EE007F8B73 /* Release */ = {
			isa = XCBuildConfiguration;
			buildSettings = {
				ALWAYS_SEARCH_USER_PATHS = NO;
				ASSETCATALOG_COMPILER_GENERATE_SWIFT_ASSET_SYMBOL_EXTENSIONS = YES;
				CLANG_ANALYZER_NONNULL = YES;
				CLANG_ANALYZER_NUMBER_OBJECT_CONVERSION = YES_AGGRESSIVE;
				CLANG_CXX_LANGUAGE_STANDARD = "gnu++20";
				CLANG_ENABLE_MODULES = YES;
				CLANG_ENABLE_OBJC_ARC = YES;
				CLANG_ENABLE_OBJC_WEAK = YES;
				CLANG_WARN_BLOCK_CAPTURE_AUTORELEASING = YES;
				CLANG_WARN_BOOL_CONVERSION = YES;
				CLANG_WARN_COMMA = YES;
				CLANG_WARN_CONSTANT_CONVERSION = YES;
				CLANG_WARN_DEPRECATED_OBJC_IMPLEMENTATIONS = YES;
				CLANG_WARN_DIRECT_OBJC_ISA_USAGE = YES_ERROR;
				CLANG_WARN_DOCUMENTATION_COMMENTS = YES;
				CLANG_WARN_EMPTY_BODY = YES;
				CLANG_WARN_ENUM_CONVERSION = YES;
				CLANG_WARN_INFINITE_RECURSION = YES;
				CLANG_WARN_INT_CONVERSION = YES;
				CLANG_WARN_NON_LITERAL_NULL_CONVERSION = YES;
				CLANG_WARN_OBJC_IMPLICIT_RETAIN_SELF = YES;
				CLANG_WARN_OBJC_LITERAL_CONVERSION = YES;
				CLANG_WARN_OBJC_ROOT_CLASS = YES_ERROR;
				CLANG_WARN_QUOTED_INCLUDE_IN_FRAMEWORK_HEADER = YES;
				CLANG_WARN_RANGE_LOOP_ANALYSIS = YES;
				CLANG_WARN_STRICT_PROTOTYPES = YES;
				CLANG_WARN_SUSPICIOUS_MOVE = YES;
				CLANG_WARN_UNGUARDED_AVAILABILITY = YES_AGGRESSIVE;
				CLANG_WARN_UNREACHABLE_CODE = YES;
				CLANG_WARN__DUPLICATE_METHOD_MATCH = YES;
				COPY_PHASE_STRIP = NO;
				DEBUG_INFORMATION_FORMAT = "dwarf-with-dsym";
				ENABLE_NS_ASSERTIONS = NO;
				ENABLE_STRICT_OBJC_MSGSEND = YES;
				ENABLE_USER_SCRIPT_SANDBOXING = YES;
				GCC_C_LANGUAGE_STANDARD = gnu17;
				GCC_NO_COMMON_BLOCKS = YES;
				GCC_WARN_64_TO_32_BIT_CONVERSION = YES;
				GCC_WARN_ABOUT_RETURN_TYPE = YES_ERROR;
				GCC_WARN_UNDECLARED_SELECTOR = YES;
				GCC_WARN_UNINITIALIZED_AUTOS = YES_AGGRESSIVE;
				GCC_WARN_UNUSED_FUNCTION = YES;
				GCC_WARN_UNUSED_VARIABLE = YES;
				IPHONEOS_DEPLOYMENT_TARGET = 14.0;
				LOCALIZATION_PREFERS_STRING_CATALOGS = YES;
				MTL_ENABLE_DEBUG_INFO = NO;
				MTL_FAST_MATH = YES;
				SDKROOT = iphoneos;
				SWIFT_COMPILATION_MODE = wholemodule;
				VALIDATE_PRODUCT = YES;
			};
			name = Release;
		};
		E4BD74A02BAFF6EE007F8B73 /* Debug */ = {
			isa = XCBuildConfiguration;
			buildSettings = {
				ASSETCATALOG_COMPILER_APPICON_NAME = AppIcon;
				ASSETCATALOG_COMPILER_GLOBAL_ACCENT_COLOR_NAME = AccentColor;
				CODE_SIGN_STYLE = Automatic;
				CURRENT_PROJECT_VERSION = 1;
				DEVELOPMENT_ASSET_PATHS = "\"SKTChallenge/Resources/Preview Content\"";
				DEVELOPMENT_TEAM = PXLT5YXWCM;
				ENABLE_PREVIEWS = YES;
				GENERATE_INFOPLIST_FILE = YES;
				INFOPLIST_KEY_UIApplicationSceneManifest_Generation = YES;
				INFOPLIST_KEY_UIApplicationSupportsIndirectInputEvents = YES;
				INFOPLIST_KEY_UILaunchScreen_Generation = YES;
				INFOPLIST_KEY_UISupportedInterfaceOrientations_iPad = "UIInterfaceOrientationPortrait UIInterfaceOrientationPortraitUpsideDown UIInterfaceOrientationLandscapeLeft UIInterfaceOrientationLandscapeRight";
				INFOPLIST_KEY_UISupportedInterfaceOrientations_iPhone = "UIInterfaceOrientationPortrait UIInterfaceOrientationLandscapeLeft UIInterfaceOrientationLandscapeRight";
				IPHONEOS_DEPLOYMENT_TARGET = 14.0;
				LD_RUNPATH_SEARCH_PATHS = (
					"$(inherited)",
					"@executable_path/Frameworks",
				);
				MARKETING_VERSION = 1.0;
				PRODUCT_BUNDLE_IDENTIFIER = grohong.SKTChallenge;
				PRODUCT_NAME = "$(TARGET_NAME)";
				SWIFT_EMIT_LOC_STRINGS = YES;
				SWIFT_VERSION = 5.0;
				TARGETED_DEVICE_FAMILY = "1,2";
			};
			name = Debug;
		};
		E4BD74A12BAFF6EE007F8B73 /* Release */ = {
			isa = XCBuildConfiguration;
			buildSettings = {
				ASSETCATALOG_COMPILER_APPICON_NAME = AppIcon;
				ASSETCATALOG_COMPILER_GLOBAL_ACCENT_COLOR_NAME = AccentColor;
				CODE_SIGN_STYLE = Automatic;
				CURRENT_PROJECT_VERSION = 1;
				DEVELOPMENT_ASSET_PATHS = "\"SKTChallenge/Resources/Preview Content\"";
				DEVELOPMENT_TEAM = PXLT5YXWCM;
				ENABLE_PREVIEWS = YES;
				GENERATE_INFOPLIST_FILE = YES;
				INFOPLIST_KEY_UIApplicationSceneManifest_Generation = YES;
				INFOPLIST_KEY_UIApplicationSupportsIndirectInputEvents = YES;
				INFOPLIST_KEY_UILaunchScreen_Generation = YES;
				INFOPLIST_KEY_UISupportedInterfaceOrientations_iPad = "UIInterfaceOrientationPortrait UIInterfaceOrientationPortraitUpsideDown UIInterfaceOrientationLandscapeLeft UIInterfaceOrientationLandscapeRight";
				INFOPLIST_KEY_UISupportedInterfaceOrientations_iPhone = "UIInterfaceOrientationPortrait UIInterfaceOrientationLandscapeLeft UIInterfaceOrientationLandscapeRight";
				IPHONEOS_DEPLOYMENT_TARGET = 14.0;
				LD_RUNPATH_SEARCH_PATHS = (
					"$(inherited)",
					"@executable_path/Frameworks",
				);
				MARKETING_VERSION = 1.0;
				PRODUCT_BUNDLE_IDENTIFIER = grohong.SKTChallenge;
				PRODUCT_NAME = "$(TARGET_NAME)";
				SWIFT_EMIT_LOC_STRINGS = YES;
				SWIFT_VERSION = 5.0;
				TARGETED_DEVICE_FAMILY = "1,2";
			};
			name = Release;
		};
		E4BD74A32BAFF6EE007F8B73 /* Debug */ = {
			isa = XCBuildConfiguration;
			buildSettings = {
				ALWAYS_EMBED_SWIFT_STANDARD_LIBRARIES = YES;
				BUNDLE_LOADER = "$(TEST_HOST)";
				CLANG_ENABLE_MODULES = YES;
				CODE_SIGN_STYLE = Automatic;
				CURRENT_PROJECT_VERSION = 1;
				DEVELOPMENT_TEAM = PXLT5YXWCM;
				GENERATE_INFOPLIST_FILE = YES;
				IPHONEOS_DEPLOYMENT_TARGET = 17.2;
				MARKETING_VERSION = 1.0;
				PRODUCT_BUNDLE_IDENTIFIER = grohong.SKTChallengeTests;
				PRODUCT_NAME = "$(TARGET_NAME)";
				SWIFT_EMIT_LOC_STRINGS = NO;
				SWIFT_OBJC_BRIDGING_HEADER = "";
				SWIFT_OPTIMIZATION_LEVEL = "-Onone";
				SWIFT_VERSION = 5.0;
				TARGETED_DEVICE_FAMILY = "1,2";
				TEST_HOST = "$(BUILT_PRODUCTS_DIR)/SKTChallenge.app/$(BUNDLE_EXECUTABLE_FOLDER_PATH)/SKTChallenge";
			};
			name = Debug;
		};
		E4BD74A42BAFF6EE007F8B73 /* Release */ = {
			isa = XCBuildConfiguration;
			buildSettings = {
				ALWAYS_EMBED_SWIFT_STANDARD_LIBRARIES = YES;
				BUNDLE_LOADER = "$(TEST_HOST)";
				CLANG_ENABLE_MODULES = YES;
				CODE_SIGN_STYLE = Automatic;
				CURRENT_PROJECT_VERSION = 1;
				DEVELOPMENT_TEAM = PXLT5YXWCM;
				GENERATE_INFOPLIST_FILE = YES;
				IPHONEOS_DEPLOYMENT_TARGET = 17.2;
				MARKETING_VERSION = 1.0;
				PRODUCT_BUNDLE_IDENTIFIER = grohong.SKTChallengeTests;
				PRODUCT_NAME = "$(TARGET_NAME)";
				SWIFT_EMIT_LOC_STRINGS = NO;
				SWIFT_OBJC_BRIDGING_HEADER = "";
				SWIFT_VERSION = 5.0;
				TARGETED_DEVICE_FAMILY = "1,2";
				TEST_HOST = "$(BUILT_PRODUCTS_DIR)/SKTChallenge.app/$(BUNDLE_EXECUTABLE_FOLDER_PATH)/SKTChallenge";
			};
			name = Release;
		};
/* End XCBuildConfiguration section */

/* Begin XCConfigurationList section */
		E4BD74762BAFF6EC007F8B73 /* Build configuration list for PBXProject "SKTChallenge" */ = {
			isa = XCConfigurationList;
			buildConfigurations = (
				E4BD749D2BAFF6EE007F8B73 /* Debug */,
				E4BD749E2BAFF6EE007F8B73 /* Release */,
			);
			defaultConfigurationIsVisible = 0;
			defaultConfigurationName = Release;
		};
		E4BD749F2BAFF6EE007F8B73 /* Build configuration list for PBXNativeTarget "SKTChallenge" */ = {
			isa = XCConfigurationList;
			buildConfigurations = (
				E4BD74A02BAFF6EE007F8B73 /* Debug */,
				E4BD74A12BAFF6EE007F8B73 /* Release */,
			);
			defaultConfigurationIsVisible = 0;
			defaultConfigurationName = Release;
		};
		E4BD74A22BAFF6EE007F8B73 /* Build configuration list for PBXNativeTarget "SKTChallengeTests" */ = {
			isa = XCConfigurationList;
			buildConfigurations = (
				E4BD74A32BAFF6EE007F8B73 /* Debug */,
				E4BD74A42BAFF6EE007F8B73 /* Release */,
			);
			defaultConfigurationIsVisible = 0;
			defaultConfigurationName = Release;
		};
/* End XCConfigurationList section */
	};
	rootObject = E4BD74732BAFF6EC007F8B73 /* Project object */;
}
